
Microsoft Visual Studio Solution File, Format Version 12.00
# Visual Studio Version 17
VisualStudioVersion = 17.14.37710.0 d17.14
MinimumVisualStudioVersion = 10.0.40219.1
Project("{FAE04EC0-301F-11D3-BF4B-00C04F79EFBC}") = "Test_Score_Average", "Test_Score_Average\Test_Score_Average.csproj", "{3274CF93-B0D7-4D3F-A858-BC5B3E213B30}"
EndProject
Global
	GlobalSection(SolutionConfigurationPlatforms) = preSolution
		Debug|Any CPU = Debug|Any CPU
		Release|Any CPU = Release|Any CPU
	EndGlobalSection
	GlobalSection(ProjectConfigurationPlatforms) = postSolution
		{3274CF93-B0D7-4D3F-A858-BC5B3E213B30}.Debug|Any CPU.ActiveCfg = Debug|Any CPU
		{3274CF93-B0D7-4D3F-A858-BC5B3E213B30}.Debug|Any CPU.Build.0 = Debug|Any CPU
		{3274CF93-B0D7-4D3F-A858-BC5B3E213B30}.Release|Any CPU.ActiveCfg = Release|Any CPU
		{3274CF93-B0D7-4D3F-A858-BC5B3E213B30}.Release|Any CPU.Build.0 = Release|Any CPU
	EndGlobalSection
	GlobalSection(SolutionProperties) = preSolution
		HideSolutionNode = FALSE
	EndGlobalSection
	GlobalSection(ExtensibilityGlobals) = postSolution
		SolutionGuid = {F7F8F938-F4BE-46C3-A1E9-4CEF0837EE10}
	EndGlobalSection
EndGlobal
